
Microsoft Visual Studio Solution File, Format Version 12.00
# Visual Studio 14
VisualStudioVersion = 14.0.25420.1
MinimumVisualStudioVersion = 10.0.40219.1
Project("{FAE04EC0-301F-11D3-BF4B-00C04F79EFBC}") = "Socket-Server", "Socket-Server\Socket-Server.csproj", "{FD75C8E9-A6A4-4D13-9F45-4A5A1EB2290A}"
EndProject
Global
	GlobalSection(SolutionConfigurationPlatforms) = preSolution
		Debug|Any CPU = Debug|Any CPU
		Release|Any CPU = Release|Any CPU
	EndGlobalSection
	GlobalSection(ProjectConfigurationPlatforms) = postSolution
		{FD75C8E9-A6A4-4D13-9F45-4A5A1EB2290A}.Debug|Any CPU.ActiveCfg = Debug|Any CPU
		{FD75C8E9-A6A4-4D13-9F45-4A5A1EB2290A}.Debug|Any CPU.Build.0 = Debug|Any CPU
		{FD75C8E9-A6A4-4D13-9F45-4A5A1EB2290A}.Release|Any CPU.ActiveCfg = Release|Any CPU
		{FD75C8E9-A6A4-4D13-9F45-4A5A1EB2290A}.Release|Any CPU.Build.0 = Release|Any CPU
	EndGlobalSection
	GlobalSection(SolutionProperties) = preSolution
		HideSolutionNode = FALSE
	EndGlobalSection
EndGlobal
